# THIS IS AN AUTOGENERATED FILE. DO NOT EDIT THIS FILE DIRECTLY.
# yarn lockfile v1


"@babel/polyfill@^7.10.4":
  version "7.10.4"
  resolved "https://registry.yarnpkg.com/@babel/polyfill/-/polyfill-7.10.4.tgz#915e5bfe61490ac0199008e35ca9d7d151a8e45a"
  integrity sha512-8BYcnVqQ5kMD2HXoHInBH7H1b/uP3KdnwCYXOqFnXqguOyuu443WXusbIUbWEfY3Z0Txk0M1uG/8YuAMhNl6zg==
  dependencies:
    core-js "^2.6.5"
    regenerator-runtime "^0.13.4"

core-js@^2.6.5:
  version "2.6.11"
  resolved "https://registry.yarnpkg.com/core-js/-/core-js-2.6.11.tgz#38831469f9922bded8ee21c9dc46985e0399308c"
  integrity sha512-5wjnpaT/3dV+XB4borEsnAYQchn00XSgTAWKDkEqv+K8KevjbzmofK6hfJ9TZIlpj2N0xQpazy7PiRQiWHqzWg==

regenerator-runtime@^0.13.4:
  version "0.13.5"
  resolved "https://registry.yarnpkg.com/regenerator-runtime/-/regenerator-runtime-0.13.5.tgz#d878a1d094b4306d10b9096484b33ebd55e26697"
  integrity sha512-ZS5w8CpKFinUzOwW3c83oPeVXoNsrLsaCoLtJvAClH135j/R77RuymhiSErhm2lKcwSCIpmvIWSbDkIfAqKQlA==
